
Microsoft Visual Studio Solution File, Format Version 11.00
# Visual Studio 2010
Project("{8BC9CEB8-8B4A-11D0-8D11-00A0C91BC942}") = "drum-minim-graf", "drum-minim-graf.vcxproj", "{8C45A746-4DCC-4C03-AF56-3FCFE44AA942}"
EndProject
Project("{54435603-DBB4-11D2-8724-00A0C9A8B90C}") = "fw-setup", "..\fw-setup\fw-setup.vdproj", "{17440230-F7A5-4D5D-8401-D3DFBA263309}"
EndProject
Global
	GlobalSection(SolutionConfigurationPlatforms) = preSolution
		Debug|Win32 = Debug|Win32
		Release|Win32 = Release|Win32
	EndGlobalSection
	GlobalSection(ProjectConfigurationPlatforms) = postSolution
		{8C45A746-4DCC-4C03-AF56-3FCFE44AA942}.Debug|Win32.ActiveCfg = Debug|Win32
		{8C45A746-4DCC-4C03-AF56-3FCFE44AA942}.Debug|Win32.Build.0 = Debug|Win32
		{8C45A746-4DCC-4C03-AF56-3FCFE44AA942}.Release|Win32.ActiveCfg = Release|Win32
		{8C45A746-4DCC-4C03-AF56-3FCFE44AA942}.Release|Win32.Build.0 = Release|Win32
		{17440230-F7A5-4D5D-8401-D3DFBA263309}.Debug|Win32.ActiveCfg = Debug
		{17440230-F7A5-4D5D-8401-D3DFBA263309}.Release|Win32.ActiveCfg = Release
	EndGlobalSection
	GlobalSection(SolutionProperties) = preSolution
		HideSolutionNode = FALSE
	EndGlobalSection
EndGlobal
